
Microsoft Visual Studio Solution File, Format Version 12.00
# Visual Studio Version 16
VisualStudioVersion = 25.0.1703.5
MinimumVisualStudioVersion = 10.0.40219.1
Project("{FAE04EC0-301F-11D3-BF4B-00C04F79EFBC}") = "CheatSheetProject", "CheatSheetProject\CheatSheetProject.csproj", "{1367F4A7-6426-4A96-A1F8-E7D5DC0E4BDE}"
EndProject
Global
	GlobalSection(SolutionConfigurationPlatforms) = preSolution
		Debug|Any CPU = Debug|Any CPU
		Release|Any CPU = Release|Any CPU
	EndGlobalSection
	GlobalSection(ProjectConfigurationPlatforms) = postSolution
		{1367F4A7-6426-4A96-A1F8-E7D5DC0E4BDE}.Debug|Any CPU.ActiveCfg = Debug|Any CPU
		{1367F4A7-6426-4A96-A1F8-E7D5DC0E4BDE}.Debug|Any CPU.Build.0 = Debug|Any CPU
		{1367F4A7-6426-4A96-A1F8-E7D5DC0E4BDE}.Release|Any CPU.ActiveCfg = Release|Any CPU
		{1367F4A7-6426-4A96-A1F8-E7D5DC0E4BDE}.Release|Any CPU.Build.0 = Release|Any CPU
	EndGlobalSection
	GlobalSection(SolutionProperties) = preSolution
		HideSolutionNode = FALSE
	EndGlobalSection
	GlobalSection(ExtensibilityGlobals) = postSolution
		SolutionGuid = {D004B8D0-DB5D-44ED-A73A-D380891FEA88}
	EndGlobalSection
EndGlobal
